# THIS IS AN AUTOGENERATED FILE. DO NOT EDIT THIS FILE DIRECTLY.
# yarn lockfile v1


ngx-strongly-typed-forms@^8.0.1:
  version "8.0.1"
  resolved "https://registry.yarnpkg.com/ngx-strongly-typed-forms/-/ngx-strongly-typed-forms-8.0.1.tgz#93e12b04adaa8351517cf48a9e2c61416e1fde0b"
  integrity sha512-0p32ILEy366xEHdYVBHZnhh+nKRHxsZs+8jL0FCaC+SwV/ogb7wybOe+scGlp+M09hNB6/3ZHCfmUWhTrBeDEQ==
